
Microsoft Visual Studio Solution File, Format Version 12.00
# Visual Studio Version 16
VisualStudioVersion = 16.0.31005.135
MinimumVisualStudioVersion = 10.0.40219.1
Project("{8BC9CEB8-8B4A-11D0-8D11-00A0C91BC942}") = "hello", "hello\hello.vcxproj", "{8252B961-AB20-4A2E-88DB-91696BB1B965}"
EndProject
Project("{8BC9CEB8-8B4A-11D0-8D11-00A0C91BC942}") = "chap03-char", "chap03-type\chap03-type.vcxproj", "{8F8DB98C-8D8D-448E-8D2E-B9B285700E79}"
EndProject
Project("{8BC9CEB8-8B4A-11D0-8D11-00A0C91BC942}") = "chap03-int", "chap03-int\chap03-int.vcxproj", "{40369430-3383-43F3-A4C2-BF72C2638704}"
EndProject
Project("{8BC9CEB8-8B4A-11D0-8D11-00A0C91BC942}") = "chap03-float", "chap03-float\chap03-float.vcxproj", "{E444013C-C88A-4EAA-8144-418DCEEA5572}"
EndProject
Project("{8BC9CEB8-8B4A-11D0-8D11-00A0C91BC942}") = "chap05-functions", "chap05-functions\chap05-functions.vcxproj", "{E9967683-02CB-4EEE-B649-3C87A7B9B088}"
EndProject
Project("{8BC9CEB8-8B4A-11D0-8D11-00A0C91BC942}") = "chap01-sysinfo", "chap01-sysinfo\chap01-sysinfo.vcxproj", "{8C8CB585-EE63-4CCD-91F0-58D6BFA4E73B}"
EndProject
Project("{8BC9CEB8-8B4A-11D0-8D11-00A0C91BC942}") = "chap06-preprocesser", "chap06-preprocesser\chap06-preprocesser.vcxproj", "{6E113012-EE58-4F0E-9FEB-4B5B6379B305}"
EndProject
Project("{8BC9CEB8-8B4A-11D0-8D11-00A0C91BC942}") = "chap06-stdout", "chap06-stdout\chap06-stdout.vcxproj", "{559F6609-DB26-47E9-A99A-B6F427D7C5BA}"
EndProject
Project("{8BC9CEB8-8B4A-11D0-8D11-00A0C91BC942}") = "chap06-printf", "chap06-printf\chap06-printf.vcxproj", "{F1DD8921-FA37-4DBC-B9B3-53EBC249EE5F}"
EndProject
Project("{8BC9CEB8-8B4A-11D0-8D11-00A0C91BC942}") = "chap06-printfExample", "chap06-printfExample\chap06-printfExample.vcxproj", "{9C2DFB26-AA9F-4BE7-98B4-3B8888FABA65}"
EndProject
Project("{8BC9CEB8-8B4A-11D0-8D11-00A0C91BC942}") = "chap07-operator", "chap07-operator\chap07-operator.vcxproj", "{AE63C1A7-7D31-4DDB-AD3C-E08DB0F9427B}"
EndProject
Global
	GlobalSection(SolutionConfigurationPlatforms) = preSolution
		Debug|x64 = Debug|x64
		Debug|x86 = Debug|x86
		Release|x64 = Release|x64
		Release|x86 = Release|x86
	EndGlobalSection
	GlobalSection(ProjectConfigurationPlatforms) = postSolution
		{8252B961-AB20-4A2E-88DB-91696BB1B965}.Debug|x64.ActiveCfg = Debug|x64
		{8252B961-AB20-4A2E-88DB-91696BB1B965}.Debug|x64.Build.0 = Debug|x64
		{8252B961-AB20-4A2E-88DB-91696BB1B965}.Debug|x86.ActiveCfg = Debug|Win32
		{8252B961-AB20-4A2E-88DB-91696BB1B965}.Debug|x86.Build.0 = Debug|Win32
		{8252B961-AB20-4A2E-88DB-91696BB1B965}.Release|x64.ActiveCfg = Release|x64
		{8252B961-AB20-4A2E-88DB-91696BB1B965}.Release|x64.Build.0 = Release|x64
		{8252B961-AB20-4A2E-88DB-91696BB1B965}.Release|x86.ActiveCfg = Release|Win32
		{8252B961-AB20-4A2E-88DB-91696BB1B965}.Release|x86.Build.0 = Release|Win32
		{8F8DB98C-8D8D-448E-8D2E-B9B285700E79}.Debug|x64.ActiveCfg = Debug|x64
		{8F8DB98C-8D8D-448E-8D2E-B9B285700E79}.Debug|x64.Build.0 = Debug|x64
		{8F8DB98C-8D8D-448E-8D2E-B9B285700E79}.Debug|x86.ActiveCfg = Debug|Win32
		{8F8DB98C-8D8D-448E-8D2E-B9B285700E79}.Debug|x86.Build.0 = Debug|Win32
		{8F8DB98C-8D8D-448E-8D2E-B9B285700E79}.Release|x64.ActiveCfg = Release|x64
		{8F8DB98C-8D8D-448E-8D2E-B9B285700E79}.Release|x64.Build.0 = Release|x64
		{8F8DB98C-8D8D-448E-8D2E-B9B285700E79}.Release|x86.ActiveCfg = Release|Win32
		{8F8DB98C-8D8D-448E-8D2E-B9B285700E79}.Release|x86.Build.0 = Release|Win32
		{40369430-3383-43F3-A4C2-BF72C2638704}.Debug|x64.ActiveCfg = Debug|x64
		{40369430-3383-43F3-A4C2-BF72C2638704}.Debug|x64.Build.0 = Debug|x64
		{40369430-3383-43F3-A4C2-BF72C2638704}.Debug|x86.ActiveCfg = Debug|Win32
		{40369430-3383-43F3-A4C2-BF72C2638704}.Debug|x86.Build.0 = Debug|Win32
		{40369430-3383-43F3-A4C2-BF72C2638704}.Release|x64.ActiveCfg = Release|x64
		{40369430-3383-43F3-A4C2-BF72C2638704}.Release|x64.Build.0 = Release|x64
		{40369430-3383-43F3-A4C2-BF72C2638704}.Release|x86.ActiveCfg = Release|Win32
		{40369430-3383-43F3-A4C2-BF72C2638704}.Release|x86.Build.0 = Release|Win32
		{E444013C-C88A-4EAA-8144-418DCEEA5572}.Debug|x64.ActiveCfg = Debug|x64
		{E444013C-C88A-4EAA-8144-418DCEEA5572}.Debug|x64.Build.0 = Debug|x64
		{E444013C-C88A-4EAA-8144-418DCEEA5572}.Debug|x86.ActiveCfg = Debug|Win32
		{E444013C-C88A-4EAA-8144-418DCEEA5572}.Debug|x86.Build.0 = Debug|Win32
		{E444013C-C88A-4EAA-8144-418DCEEA5572}.Release|x64.ActiveCfg = Release|x64
		{E444013C-C88A-4EAA-8144-418DCEEA5572}.Release|x64.Build.0 = Release|x64
		{E444013C-C88A-4EAA-8144-418DCEEA5572}.Release|x86.ActiveCfg = Release|Win32
		{E444013C-C88A-4EAA-8144-418DCEEA5572}.Release|x86.Build.0 = Release|Win32
		{E9967683-02CB-4EEE-B649-3C87A7B9B088}.Debug|x64.ActiveCfg = Debug|x64
		{E9967683-02CB-4EEE-B649-3C87A7B9B088}.Debug|x64.Build.0 = Debug|x64
		{E9967683-02CB-4EEE-B649-3C87A7B9B088}.Debug|x86.ActiveCfg = Debug|Win32
		{E9967683-02CB-4EEE-B649-3C87A7B9B088}.Debug|x86.Build.0 = Debug|Win32
		{E9967683-02CB-4EEE-B649-3C87A7B9B088}.Release|x64.ActiveCfg = Release|x64
		{E9967683-02CB-4EEE-B649-3C87A7B9B088}.Release|x64.Build.0 = Release|x64
		{E9967683-02CB-4EEE-B649-3C87A7B9B088}.Release|x86.ActiveCfg = Release|Win32
		{E9967683-02CB-4EEE-B649-3C87A7B9B088}.Release|x86.Build.0 = Release|Win32
		{8C8CB585-EE63-4CCD-91F0-58D6BFA4E73B}.Debug|x64.ActiveCfg = Debug|x64
		{8C8CB585-EE63-4CCD-91F0-58D6BFA4E73B}.Debug|x64.Build.0 = Debug|x64
		{8C8CB585-EE63-4CCD-91F0-58D6BFA4E73B}.Debug|x86.ActiveCfg = Debug|Win32
		{8C8CB585-EE63-4CCD-91F0-58D6BFA4E73B}.Debug|x86.Build.0 = Debug|Win32
		{8C8CB585-EE63-4CCD-91F0-58D6BFA4E73B}.Release|x64.ActiveCfg = Release|x64
		{8C8CB585-EE63-4CCD-91F0-58D6BFA4E73B}.Release|x64.Build.0 = Release|x64
		{8C8CB585-EE63-4CCD-91F0-58D6BFA4E73B}.Release|x86.ActiveCfg = Release|Win32
		{8C8CB585-EE63-4CCD-91F0-58D6BFA4E73B}.Release|x86.Build.0 = Release|Win32
		{6E113012-EE58-4F0E-9FEB-4B5B6379B305}.Debug|x64.ActiveCfg = Debug|x64
		{6E113012-EE58-4F0E-9FEB-4B5B6379B305}.Debug|x64.Build.0 = Debug|x64
		{6E113012-EE58-4F0E-9FEB-4B5B6379B305}.Debug|x86.ActiveCfg = Debug|Win32
		{6E113012-EE58-4F0E-9FEB-4B5B6379B305}.Debug|x86.Build.0 = Debug|Win32
		{6E113012-EE58-4F0E-9FEB-4B5B6379B305}.Release|x64.ActiveCfg = Release|x64
		{6E113012-EE58-4F0E-9FEB-4B5B6379B305}.Release|x64.Build.0 = Release|x64
		{6E113012-EE58-4F0E-9FEB-4B5B6379B305}.Release|x86.ActiveCfg = Release|Win32
		{6E113012-EE58-4F0E-9FEB-4B5B6379B305}.Release|x86.Build.0 = Release|Win32
		{559F6609-DB26-47E9-A99A-B6F427D7C5BA}.Debug|x64.ActiveCfg = Debug|x64
		{559F6609-DB26-47E9-A99A-B6F427D7C5BA}.Debug|x64.Build.0 = Debug|x64
		{559F6609-DB26-47E9-A99A-B6F427D7C5BA}.Debug|x86.ActiveCfg = Debug|Win32
		{559F6609-DB26-47E9-A99A-B6F427D7C5BA}.Debug|x86.Build.0 = Debug|Win32
		{559F6609-DB26-47E9-A99A-B6F427D7C5BA}.Release|x64.ActiveCfg = Release|x64
		{559F6609-DB26-47E9-A99A-B6F427D7C5BA}.Release|x64.Build.0 = Release|x64
		{559F6609-DB26-47E9-A99A-B6F427D7C5BA}.Release|x86.ActiveCfg = Release|Win32
		{559F6609-DB26-47E9-A99A-B6F427D7C5BA}.Release|x86.Build.0 = Release|Win32
		{F1DD8921-FA37-4DBC-B9B3-53EBC249EE5F}.Debug|x64.ActiveCfg = Debug|x64
		{F1DD8921-FA37-4DBC-B9B3-53EBC249EE5F}.Debug|x64.Build.0 = Debug|x64
		{F1DD8921-FA37-4DBC-B9B3-53EBC249EE5F}.Debug|x86.ActiveCfg = Debug|Win32
		{F1DD8921-FA37-4DBC-B9B3-53EBC249EE5F}.Debug|x86.Build.0 = Debug|Win32
		{F1DD8921-FA37-4DBC-B9B3-53EBC249EE5F}.Release|x64.ActiveCfg = Release|x64
		{F1DD8921-FA37-4DBC-B9B3-53EBC249EE5F}.Release|x64.Build.0 = Release|x64
		{F1DD8921-FA37-4DBC-B9B3-53EBC249EE5F}.Release|x86.ActiveCfg = Release|Win32
		{F1DD8921-FA37-4DBC-B9B3-53EBC249EE5F}.Release|x86.Build.0 = Release|Win32
		{9C2DFB26-AA9F-4BE7-98B4-3B8888FABA65}.Debug|x64.ActiveCfg = Debug|x64
		{9C2DFB26-AA9F-4BE7-98B4-3B8888FABA65}.Debug|x64.Build.0 = Debug|x64
		{9C2DFB26-AA9F-4BE7-98B4-3B8888FABA65}.Debug|x86.ActiveCfg = Debug|Win32
		{9C2DFB26-AA9F-4BE7-98B4-3B8888FABA65}.Debug|x86.Build.0 = Debug|Win32
		{9C2DFB26-AA9F-4BE7-98B4-3B8888FABA65}.Release|x64.ActiveCfg = Release|x64
		{9C2DFB26-AA9F-4BE7-98B4-3B8888FABA65}.Release|x64.Build.0 = Release|x64
		{9C2DFB26-AA9F-4BE7-98B4-3B8888FABA65}.Release|x86.ActiveCfg = Release|Win32
		{9C2DFB26-AA9F-4BE7-98B4-3B8888FABA65}.Release|x86.Build.0 = Release|Win32
		{AE63C1A7-7D31-4DDB-AD3C-E08DB0F9427B}.Debug|x64.ActiveCfg = Debug|x64
		{AE63C1A7-7D31-4DDB-AD3C-E08DB0F9427B}.Debug|x64.Build.0 = Debug|x64
		{AE63C1A7-7D31-4DDB-AD3C-E08DB0F9427B}.Debug|x86.ActiveCfg = Debug|Win32
		{AE63C1A7-7D31-4DDB-AD3C-E08DB0F9427B}.Debug|x86.Build.0 = Debug|Win32
		{AE63C1A7-7D31-4DDB-AD3C-E08DB0F9427B}.Release|x64.ActiveCfg = Release|x64
		{AE63C1A7-7D31-4DDB-AD3C-E08DB0F9427B}.Release|x64.Build.0 = Release|x64
		{AE63C1A7-7D31-4DDB-AD3C-E08DB0F9427B}.Release|x86.ActiveCfg = Release|Win32
		{AE63C1A7-7D31-4DDB-AD3C-E08DB0F9427B}.Release|x86.Build.0 = Release|Win32
	EndGlobalSection
	GlobalSection(SolutionProperties) = preSolution
		HideSolutionNode = FALSE
	EndGlobalSection
	GlobalSection(ExtensibilityGlobals) = postSolution
		SolutionGuid = {646BE1C8-C029-4530-B456-0C267A9FC1CD}
	EndGlobalSection
EndGlobal
